<?xml version="1.0" encoding="utf-8"?>
<Project ToolsVersion="4.0" xmlns="http://schemas.microsoft.com/developer/msbuild/2003">
  <ItemGroup>
    <Filter Include="Source Files">
      <UniqueIdentifier>{4FC737F1-C7A5-4376-A066-2A32D752A2FF}</UniqueIdentifier>
      <Extensions>cpp;c;cc;cxx;c++;cppm;ixx;def;odl;idl;hpj;bat;asm;asmx</Extensions>
    </Filter>
    <Filter Include="Header Files">
      <UniqueIdentifier>{93995380-89BD-4b04-88EB-625FBE52EBFB}</UniqueIdentifier>
      <Extensions>h;hh;hpp;hxx;h++;hm;inl;inc;ipp;xsd</Extensions>
    </Filter>
    <Filter Include="Source Files\App">
      <UniqueIdentifier>{b7df7a4e-b82a-4c5b-8c55-ad78700d32f4}</UniqueIdentifier>
    </Filter>
    <Filter Include="Content">
      <UniqueIdentifier>{aa9bbbf5-f815-4e01-8a60-b3c840a662ef}</UniqueIdentifier>
    </Filter>
    <Filter Include="Source Files\App\Boss">
      <UniqueIdentifier>{4a134288-b7d1-43e4-b1ef-15ab459df1e0}</UniqueIdentifier>
    </Filter>
    <Filter Include="Source Files\App\Skill">
      <UniqueIdentifier>{7dff0eef-f890-480a-bf43-5e6fa81db9dc}</UniqueIdentifier>
    </Filter>
    <Filter Include="Source Files\App\Player">
      <UniqueIdentifier>{542d6a41-b6ff-4b7e-99da-ed1e25132dbe}</UniqueIdentifier>
    </Filter>
    <Filter Include="Source Files\App\Skill\Projectile">
      <UniqueIdentifier>{1144d321-bafe-4ace-8b41-1c447403593e}</UniqueIdentifier>
    </Filter>
    <Filter Include="Source Files\App\Skill\Buff">
      <UniqueIdentifier>{3c2821da-66c9-438f-9c64-9ded5e95a9c5}</UniqueIdentifier>
    </Filter>
    <Filter Include="Source Files\App\Skill\Range">
      <UniqueIdentifier>{5c3b6508-da8e-443f-8384-f98e63f02375}</UniqueIdentifier>
    </Filter>
    <Filter Include="Source Files\App\Skill\Special">
      <UniqueIdentifier>{ce752c3f-f996-46b6-9860-bdae3bdd7427}</UniqueIdentifier>
    </Filter>
    <Filter Include="Source Files\App\Skill\Projectile\Fireball">
      <UniqueIdentifier>{ae9f92b8-1bb6-42c9-b0cf-eb75ae111fc4}</UniqueIdentifier>
    </Filter>
    <Filter Include="Source Files\App\Skill\Range\Meteor">
      <UniqueIdentifier>{1c34eec6-3df5-4dff-9429-b98375c9ffb5}</UniqueIdentifier>
    </Filter>
    <Filter Include="Source Files\App\Player\PlayerFSM">
      <UniqueIdentifier>{6fd1e582-d46a-45d7-8b2a-cdba8a926266}</UniqueIdentifier>
    </Filter>
    <Filter Include="Source Files\App\Player\PlayerFSM\PlayerStates">
      <UniqueIdentifier>{ce17e71b-eecc-438b-acc0-e783078254de}</UniqueIdentifier>
    </Filter>
    <Filter Include="Source Files\App\Player\PlayerAnimations">
      <UniqueIdentifier>{63e6e373-f72b-4584-9142-5d69b45c7de6}</UniqueIdentifier>
    </Filter>
    <Filter Include="Source Files\App\Skill\Projectile\PrismReflection">
      <UniqueIdentifier>{b8208af1-409e-48f2-9a49-427058549d2c}</UniqueIdentifier>
    </Filter>
    <Filter Include="Source Files\App\Skill\Projectile\ChasingWaterBall">
      <UniqueIdentifier>{db273a00-a2c4-4eb4-ac21-4a6dadeecd12}</UniqueIdentifier>
    </Filter>
    <Filter Include="Source Files\App\Utils">
      <UniqueIdentifier>{416ee61c-65ab-4c89-8c14-a329a50c6fb5}</UniqueIdentifier>
    </Filter>
    <Filter Include="Source Files\App\Utils\CoolTime">
      <UniqueIdentifier>{1ab8281f-3c7f-402b-a33e-44abde7ca315}</UniqueIdentifier>
    </Filter>
  </ItemGroup>
  <ItemGroup>
    <ClCompile Include="GameApp.cpp">
      <Filter>Source Files\App</Filter>
    </ClCompile>
    <ClCompile Include="TestLevel.cpp">
      <Filter>Source Files\App</Filter>
    </ClCompile>
    <ClCompile Include="BossAIController.cpp">
      <Filter>Source Files\App\Boss</Filter>
    </ClCompile>
    <ClCompile Include="Player.cpp">
      <Filter>Source Files\App\Player</Filter>
    </ClCompile>
    <ClCompile Include="GCameraComponent.cpp">
      <Filter>Source Files\App\Player</Filter>
    </ClCompile>
    <ClCompile Include="MovementComponent.cpp">
      <Filter>Source Files\App</Filter>
    </ClCompile>
    <ClCompile Include="Boss.cpp">
      <Filter>Source Files\App\Boss</Filter>
    </ClCompile>
    <ClCompile Include="Skill.cpp">
      <Filter>Source Files\App\Skill</Filter>
    </ClCompile>
    <ClCompile Include="Fireball.cpp">
      <Filter>Source Files\App\Skill\Projectile\Fireball</Filter>
    </ClCompile>
    <ClCompile Include="FireballProjectile.cpp">
      <Filter>Source Files\App\Skill\Projectile\Fireball</Filter>
    </ClCompile>
    <ClCompile Include="BuffSkill.cpp">
      <Filter>Source Files\App\Skill\Buff</Filter>
    </ClCompile>
    <ClCompile Include="RangeSkill.cpp">
      <Filter>Source Files\App\Skill\Range</Filter>
    </ClCompile>
    <ClCompile Include="Projectile.cpp">
      <Filter>Source Files\App\Skill\Projectile</Filter>
    </ClCompile>
    <ClCompile Include="ProjectileSkill.cpp">
      <Filter>Source Files\App\Skill\Projectile</Filter>
    </ClCompile>
    <ClCompile Include="ChasingWaterBall.cpp">
      <Filter>Source Files\App\Skill\Projectile\ChasingWaterBall</Filter>
    </ClCompile>
    <ClCompile Include="ChasingWaterBallProjectile.cpp">
      <Filter>Source Files\App\Skill\Projectile\ChasingWaterBall</Filter>
    </ClCompile>
    <ClCompile Include="PlayerAttack.cpp">
      <Filter>Source Files\App\Player\PlayerFSM\PlayerStates</Filter>
    </ClCompile>
    <ClCompile Include="PlayerBlinking.cpp">
      <Filter>Source Files\App\Player\PlayerFSM\PlayerStates</Filter>
    </ClCompile>
    <ClCompile Include="PlayerCasting.cpp">
      <Filter>Source Files\App\Player\PlayerFSM\PlayerStates</Filter>
    </ClCompile>
    <ClCompile Include="PlayerIdle.cpp">
      <Filter>Source Files\App\Player\PlayerFSM\PlayerStates</Filter>
    </ClCompile>
    <ClCompile Include="PlayerFSMComponent.cpp">
      <Filter>Source Files\App\Player\PlayerFSM</Filter>
    </ClCompile>
    <ClCompile Include="PlayerState.cpp">
      <Filter>Source Files\App\Player\PlayerFSM\PlayerStates</Filter>
    </ClCompile>
    <ClCompile Include="WinMain.cpp">
      <Filter>Source Files\App</Filter>
    </ClCompile>
    <ClCompile Include="Heal.cpp">
      <Filter>Source Files\App\Skill\Buff</Filter>
    </ClCompile>
    <ClCompile Include="MPMaxIncrease.cpp">
      <Filter>Source Files\App\Skill\Buff</Filter>
    </ClCompile>
    <ClCompile Include="GPlayerController.cpp">
      <Filter>Source Files\App\Player</Filter>
    </ClCompile>
    <ClCompile Include="Meteor.cpp">
      <Filter>Source Files\App\Skill\Range\Meteor</Filter>
    </ClCompile>
    <ClCompile Include="PlayerMove.cpp">
      <Filter>Source Files\App\Player\PlayerFSM\PlayerStates</Filter>
    </ClCompile>
    <ClCompile Include="PlayerMoveAnimation.cpp">
      <Filter>Source Files\App\Player\PlayerAnimations</Filter>
    </ClCompile>
    <ClCompile Include="PlayerIdleAnimation.cpp">
      <Filter>Source Files\App\Player\PlayerAnimations</Filter>
    </ClCompile>
    <ClCompile Include="PrismReflection.cpp">
      <Filter>Source Files\App\Skill\Projectile\PrismReflection</Filter>
    </ClCompile>
    <ClCompile Include="PrismReflectionProjectile.cpp">
      <Filter>Source Files\App\Skill\Projectile\PrismReflection</Filter>
    </ClCompile>
    <ClCompile Include="CoolTime.cpp">
      <Filter>Source Files\App\Utils\CoolTime</Filter>
    </ClCompile>
  </ItemGroup>
  <ItemGroup>
    <ClInclude Include="common.h">
      <Filter>Header Files</Filter>
    </ClInclude>
    <ClInclude Include="GameApp.h">
      <Filter>Source Files\App</Filter>
    </ClInclude>
    <ClInclude Include="config.h">
      <Filter>Header Files</Filter>
    </ClInclude>
    <ClInclude Include="TestLevel.h">
      <Filter>Source Files\App</Filter>
    </ClInclude>
    <ClInclude Include="BossAIController.h">
      <Filter>Source Files\App\Boss</Filter>
    </ClInclude>
    <ClInclude Include="Player.h">
      <Filter>Source Files\App\Player</Filter>
    </ClInclude>
    <ClInclude Include="GCameraComponent.h">
      <Filter>Source Files\App\Player</Filter>
    </ClInclude>
    <ClInclude Include="MovementComponent.h">
      <Filter>Source Files\App</Filter>
    </ClInclude>
    <ClInclude Include="Boss.h">
      <Filter>Source Files\App\Boss</Filter>
    </ClInclude>
    <ClInclude Include="Skill.h">
      <Filter>Source Files\App\Skill</Filter>
    </ClInclude>
    <ClInclude Include="Fireball.h">
      <Filter>Source Files\App\Skill\Projectile\Fireball</Filter>
    </ClInclude>
    <ClInclude Include="FireballProjectile.h">
      <Filter>Source Files\App\Skill\Projectile\Fireball</Filter>
    </ClInclude>
    <ClInclude Include="BuffSkill.h">
      <Filter>Source Files\App\Skill\Buff</Filter>
    </ClInclude>
    <ClInclude Include="RangeSkill.h">
      <Filter>Source Files\App\Skill\Range</Filter>
    </ClInclude>
    <ClInclude Include="Projectile.h">
      <Filter>Source Files\App\Skill\Projectile</Filter>
    </ClInclude>
    <ClInclude Include="ProjectileSkill.h">
      <Filter>Source Files\App\Skill\Projectile</Filter>
    </ClInclude>
    <ClInclude Include="ChasingWaterBall.h">
      <Filter>Source Files\App\Skill\Projectile\ChasingWaterBall</Filter>
    </ClInclude>
    <ClInclude Include="ChasingWaterBallProjectile.h">
      <Filter>Source Files\App\Skill\Projectile\ChasingWaterBall</Filter>
    </ClInclude>
    <ClInclude Include="PlayerStates.h">
      <Filter>Source Files\App\Player\PlayerFSM\PlayerStates</Filter>
    </ClInclude>
    <ClInclude Include="PlayerAttack.h">
      <Filter>Source Files\App\Player\PlayerFSM\PlayerStates</Filter>
    </ClInclude>
    <ClInclude Include="PlayerBlinking.h">
      <Filter>Source Files\App\Player\PlayerFSM\PlayerStates</Filter>
    </ClInclude>
    <ClInclude Include="PlayerCasting.h">
      <Filter>Source Files\App\Player\PlayerFSM\PlayerStates</Filter>
    </ClInclude>
    <ClInclude Include="PlayerIdle.h">
      <Filter>Source Files\App\Player\PlayerFSM\PlayerStates</Filter>
    </ClInclude>
    <ClInclude Include="PlayerFSMComponent.h">
      <Filter>Source Files\App\Player\PlayerFSM</Filter>
    </ClInclude>
    <ClInclude Include="PlayerState.h">
      <Filter>Source Files\App\Player\PlayerFSM\PlayerStates</Filter>
    </ClInclude>
    <ClInclude Include="Heal.h">
      <Filter>Source Files\App\Skill\Buff</Filter>
    </ClInclude>
    <ClInclude Include="MPMaxIncrease.h">
      <Filter>Source Files\App\Skill\Buff</Filter>
    </ClInclude>
    <ClInclude Include="GPlayerController.h">
      <Filter>Source Files\App\Player</Filter>
    </ClInclude>
    <ClInclude Include="Meteor.h">
      <Filter>Source Files\App\Skill\Range\Meteor</Filter>
    </ClInclude>
    <ClInclude Include="PlayerMove.h">
      <Filter>Source Files\App\Player\PlayerFSM\PlayerStates</Filter>
    </ClInclude>
    <ClInclude Include="PlayerMoveAnimation.h">
      <Filter>Source Files\App\Player\PlayerAnimations</Filter>
    </ClInclude>
    <ClInclude Include="PlayerIdleAnimation.h">
      <Filter>Source Files\App\Player\PlayerAnimations</Filter>
    </ClInclude>
    <ClInclude Include="PlayerAnimationStates.h">
      <Filter>Source Files\App\Player\PlayerAnimations</Filter>
    </ClInclude>
    <ClInclude Include="PrismReflectionProjectile.h">
      <Filter>Source Files\App\Skill\Projectile\PrismReflection</Filter>
    </ClInclude>
    <ClInclude Include="PrismReflection.h">
      <Filter>Source Files\App\Skill\Projectile\PrismReflection</Filter>
    </ClInclude>
    <ClInclude Include="SkillList.h">
      <Filter>Source Files\App\Skill</Filter>
    </ClInclude>
    <ClInclude Include="CoolTime.h">
      <Filter>Source Files\App\Utils\CoolTime</Filter>
    </ClInclude>
  </ItemGroup>
</Project>