<?xml version="1.0" encoding="utf-8"?>
<Project ToolsVersion="4.0" xmlns="http://schemas.microsoft.com/developer/msbuild/2003">
  <ItemGroup>
    <Filter Include="Source Files">
      <UniqueIdentifier>{4FC737F1-C7A5-4376-A066-2A32D752A2FF}</UniqueIdentifier>
      <Extensions>cpp;c;cc;cxx;c++;cppm;ixx;def;odl;idl;hpj;bat;asm;asmx</Extensions>
    </Filter>
    <Filter Include="Header Files">
      <UniqueIdentifier>{93995380-89BD-4b04-88EB-625FBE52EBFB}</UniqueIdentifier>
      <Extensions>h;hh;hpp;hxx;h++;hm;inl;inc;ipp;xsd</Extensions>
    </Filter>
    <Filter Include="Source Files\App">
      <UniqueIdentifier>{b7df7a4e-b82a-4c5b-8c55-ad78700d32f4}</UniqueIdentifier>
    </Filter>
    <Filter Include="Content">
      <UniqueIdentifier>{aa9bbbf5-f815-4e01-8a60-b3c840a662ef}</UniqueIdentifier>
    </Filter>
    <Filter Include="Source Files\App\Boss">
      <UniqueIdentifier>{4a134288-b7d1-43e4-b1ef-15ab459df1e0}</UniqueIdentifier>
    </Filter>
    <Filter Include="Source Files\App\Skill">
      <UniqueIdentifier>{7dff0eef-f890-480a-bf43-5e6fa81db9dc}</UniqueIdentifier>
    </Filter>
    <Filter Include="Source Files\App\Player">
      <UniqueIdentifier>{542d6a41-b6ff-4b7e-99da-ed1e25132dbe}</UniqueIdentifier>
    </Filter>
    <Filter Include="Source Files\App\Skill\PlayerSkill">
      <UniqueIdentifier>{22481350-baeb-466f-b214-0e4c592cefdd}</UniqueIdentifier>
    </Filter>
    <Filter Include="Source Files\App\Skill\Projectile">
      <UniqueIdentifier>{1144d321-bafe-4ace-8b41-1c447403593e}</UniqueIdentifier>
    </Filter>
    <Filter Include="Source Files\App\Skill\Buff">
      <UniqueIdentifier>{3c2821da-66c9-438f-9c64-9ded5e95a9c5}</UniqueIdentifier>
    </Filter>
    <Filter Include="Source Files\App\Skill\Range">
      <UniqueIdentifier>{5c3b6508-da8e-443f-8384-f98e63f02375}</UniqueIdentifier>
    </Filter>
    <Filter Include="Source Files\App\Skill\Special">
      <UniqueIdentifier>{ce752c3f-f996-46b6-9860-bdae3bdd7427}</UniqueIdentifier>
    </Filter>
    <Filter Include="Source Files\App\Skill\Projectile\Fireball">
      <UniqueIdentifier>{ae9f92b8-1bb6-42c9-b0cf-eb75ae111fc4}</UniqueIdentifier>
    </Filter>
    <Filter Include="Source Files\App\Skill\Range\Meteor">
      <UniqueIdentifier>{1c34eec6-3df5-4dff-9429-b98375c9ffb5}</UniqueIdentifier>
    </Filter>
  </ItemGroup>
  <ItemGroup>
    <ClCompile Include="WinMain.cpp">
      <Filter>Source Files</Filter>
    </ClCompile>
    <ClCompile Include="GameApp.cpp">
      <Filter>Source Files\App</Filter>
    </ClCompile>
    <ClCompile Include="TestLevel.cpp">
      <Filter>Source Files\App</Filter>
    </ClCompile>
    <ClCompile Include="BossAIController.cpp">
      <Filter>Source Files\App\Boss</Filter>
    </ClCompile>
    <ClCompile Include="Player.cpp">
      <Filter>Source Files\App\Player</Filter>
    </ClCompile>
    <ClCompile Include="TestPlayerController.cpp">
      <Filter>Source Files\App\Player</Filter>
    </ClCompile>
    <ClCompile Include="GCameraComponent.cpp">
      <Filter>Source Files\App\Player</Filter>
    </ClCompile>
    <ClCompile Include="MovementComponent.cpp">
      <Filter>Source Files\App</Filter>
    </ClCompile>
    <ClCompile Include="Boss.cpp">
      <Filter>Source Files\App\Boss</Filter>
    </ClCompile>
    <ClCompile Include="Skill.cpp">
      <Filter>Source Files\App\Skill</Filter>
    </ClCompile>
    <ClCompile Include="Fireball.cpp">
      <Filter>Source Files\App\Skill\Projectile\Fireball</Filter>
    </ClCompile>
    <ClCompile Include="FireballProjectile.cpp">
      <Filter>Source Files\App\Skill\Projectile\Fireball</Filter>
    </ClCompile>
    <ClCompile Include="BuffSkill.cpp">
      <Filter>Source Files\App\Skill\Buff</Filter>
    </ClCompile>
    <ClCompile Include="RangeSkill.cpp">
      <Filter>Source Files\App\Skill\Range</Filter>
    </ClCompile>
    <ClCompile Include="Projectile.cpp">
      <Filter>Source Files\App\Skill\Projectile</Filter>
    </ClCompile>
    <ClCompile Include="ProjectileSkill.cpp">
      <Filter>Source Files\App\Skill\Projectile</Filter>
    </ClCompile>
  </ItemGroup>
  <ItemGroup>
    <ClInclude Include="common.h">
      <Filter>Header Files</Filter>
    </ClInclude>
    <ClInclude Include="GameApp.h">
      <Filter>Source Files\App</Filter>
    </ClInclude>
    <ClInclude Include="config.h">
      <Filter>Header Files</Filter>
    </ClInclude>
    <ClInclude Include="TestLevel.h">
      <Filter>Source Files\App</Filter>
    </ClInclude>
    <ClInclude Include="BossAIController.h">
      <Filter>Source Files\App\Boss</Filter>
    </ClInclude>
    <ClInclude Include="Player.h">
      <Filter>Source Files\App\Player</Filter>
    </ClInclude>
    <ClInclude Include="TestPlayerController.h">
      <Filter>Source Files\App\Player</Filter>
    </ClInclude>
    <ClInclude Include="GCameraComponent.h">
      <Filter>Source Files\App\Player</Filter>
    </ClInclude>
    <ClInclude Include="MovementComponent.h">
      <Filter>Source Files\App</Filter>
    </ClInclude>
    <ClInclude Include="Boss.h">
      <Filter>Source Files\App\Boss</Filter>
    </ClInclude>
    <ClInclude Include="Skill.h">
      <Filter>Source Files\App\Skill</Filter>
    </ClInclude>
    <ClInclude Include="Fireball.h">
      <Filter>Source Files\App\Skill\Projectile\Fireball</Filter>
    </ClInclude>
    <ClInclude Include="FireballProjectile.h">
      <Filter>Source Files\App\Skill\Projectile\Fireball</Filter>
    </ClInclude>
    <ClInclude Include="BuffSkill.h">
      <Filter>Source Files\App\Skill\Buff</Filter>
    </ClInclude>
    <ClInclude Include="RangeSkill.h">
      <Filter>Source Files\App\Skill\Range</Filter>
    </ClInclude>
    <ClInclude Include="Projectile.h">
      <Filter>Source Files\App\Skill\Projectile</Filter>
    </ClInclude>
    <ClInclude Include="ProjectileSkill.h">
      <Filter>Source Files\App\Skill\Projectile</Filter>
    </ClInclude>
  </ItemGroup>
</Project>