<?xml version="1.0" encoding="utf-8"?>
<Project ToolsVersion="4.0" xmlns="http://schemas.microsoft.com/developer/msbuild/2003">
  <ItemGroup>
    <Filter Include="Source Files">
      <UniqueIdentifier>{4FC737F1-C7A5-4376-A066-2A32D752A2FF}</UniqueIdentifier>
      <Extensions>cpp;c;cc;cxx;c++;cppm;ixx;def;odl;idl;hpj;bat;asm;asmx</Extensions>
    </Filter>
    <Filter Include="Header Files">
      <UniqueIdentifier>{93995380-89BD-4b04-88EB-625FBE52EBFB}</UniqueIdentifier>
      <Extensions>h;hh;hpp;hxx;h++;hm;inl;inc;ipp;xsd</Extensions>
    </Filter>
    <Filter Include="Source Files\App">
      <UniqueIdentifier>{b7df7a4e-b82a-4c5b-8c55-ad78700d32f4}</UniqueIdentifier>
    </Filter>
    <Filter Include="Content">
      <UniqueIdentifier>{aa9bbbf5-f815-4e01-8a60-b3c840a662ef}</UniqueIdentifier>
    </Filter>
    <Filter Include="Source Files\App\Boss">
      <UniqueIdentifier>{4a134288-b7d1-43e4-b1ef-15ab459df1e0}</UniqueIdentifier>
    </Filter>
    <Filter Include="Source Files\App\Skill">
      <UniqueIdentifier>{7dff0eef-f890-480a-bf43-5e6fa81db9dc}</UniqueIdentifier>
    </Filter>
    <Filter Include="Source Files\App\Player">
      <UniqueIdentifier>{542d6a41-b6ff-4b7e-99da-ed1e25132dbe}</UniqueIdentifier>
    </Filter>
    <Filter Include="Source Files\App\Skill\Projectile">
      <UniqueIdentifier>{1144d321-bafe-4ace-8b41-1c447403593e}</UniqueIdentifier>
    </Filter>
    <Filter Include="Source Files\App\Skill\Buff">
      <UniqueIdentifier>{3c2821da-66c9-438f-9c64-9ded5e95a9c5}</UniqueIdentifier>
    </Filter>
    <Filter Include="Source Files\App\Skill\Range">
      <UniqueIdentifier>{5c3b6508-da8e-443f-8384-f98e63f02375}</UniqueIdentifier>
    </Filter>
    <Filter Include="Source Files\App\Skill\Special">
      <UniqueIdentifier>{ce752c3f-f996-46b6-9860-bdae3bdd7427}</UniqueIdentifier>
    </Filter>
    <Filter Include="Source Files\App\Skill\Projectile\Fireball">
      <UniqueIdentifier>{ae9f92b8-1bb6-42c9-b0cf-eb75ae111fc4}</UniqueIdentifier>
    </Filter>
    <Filter Include="Source Files\App\Skill\Range\Meteor">
      <UniqueIdentifier>{1c34eec6-3df5-4dff-9429-b98375c9ffb5}</UniqueIdentifier>
    </Filter>
    <Filter Include="Source Files\App\Player\PlayerFSM">
      <UniqueIdentifier>{6fd1e582-d46a-45d7-8b2a-cdba8a926266}</UniqueIdentifier>
    </Filter>
    <Filter Include="Source Files\App\Player\PlayerFSM\PlayerStates">
      <UniqueIdentifier>{ce17e71b-eecc-438b-acc0-e783078254de}</UniqueIdentifier>
    </Filter>
    <Filter Include="Source Files\App\Player\PlayerAnimations">
      <UniqueIdentifier>{63e6e373-f72b-4584-9142-5d69b45c7de6}</UniqueIdentifier>
    </Filter>
    <Filter Include="Source Files\App\Skill\Projectile\PrismReflection">
      <UniqueIdentifier>{b8208af1-409e-48f2-9a49-427058549d2c}</UniqueIdentifier>
    </Filter>
    <Filter Include="Source Files\App\Skill\Projectile\ChasingWaterBall">
      <UniqueIdentifier>{db273a00-a2c4-4eb4-ac21-4a6dadeecd12}</UniqueIdentifier>
    </Filter>
    <Filter Include="Source Files\App\Utils">
      <UniqueIdentifier>{416ee61c-65ab-4c89-8c14-a329a50c6fb5}</UniqueIdentifier>
    </Filter>
    <Filter Include="Source Files\App\Utils\CoolTime">
      <UniqueIdentifier>{1ab8281f-3c7f-402b-a33e-44abde7ca315}</UniqueIdentifier>
    </Filter>
    <Filter Include="Source Files\App\Boss\BossBehaviorTree">
      <UniqueIdentifier>{e3a175a0-99a4-4538-9ed2-2e1ca29c56bd}</UniqueIdentifier>
    </Filter>
    <Filter Include="Source Files\App\Skill\Projectile\DarkSphere">
      <UniqueIdentifier>{2dc59eff-c943-4fb2-b076-cdbfe2e97b36}</UniqueIdentifier>
    </Filter>
    <Filter Include="Source Files\App\Skill\Range\TighteningCircle">
      <UniqueIdentifier>{d2bd4736-fd6f-42d7-bc42-e74f34142804}</UniqueIdentifier>
    </Filter>
    <Filter Include="Source Files\App\Skill\Range\AggressiveWaves">
      <UniqueIdentifier>{7f076608-ace0-45e3-b3e5-f99790f16b00}</UniqueIdentifier>
    </Filter>
    <Filter Include="Source Files\App\Boss\BossSkill">
      <UniqueIdentifier>{cff3c9e1-8c25-4b20-855e-a7f093dfcae7}</UniqueIdentifier>
    </Filter>
    <Filter Include="Source Files\App\Boss\BossSkill\BossSkillActor">
      <UniqueIdentifier>{a8671a51-8261-40de-bcc2-317e9cd5e5ba}</UniqueIdentifier>
    </Filter>
    <Filter Include="Source Files\App\Boss\BossBehaviorTree\ActionNodes">
      <UniqueIdentifier>{ba7304c9-da49-4be3-bad7-95ce360383fc}</UniqueIdentifier>
    </Filter>
    <Filter Include="Source Files\App\Skill\Range\LightStream">
      <UniqueIdentifier>{4389aa17-f477-4d9e-8b09-ad72221ae47f}</UniqueIdentifier>
    </Filter>
    <Filter Include="Source Files\App\UI">
      <UniqueIdentifier>{45bb7724-652e-4b78-af22-82457069697b}</UniqueIdentifier>
    </Filter>
    <Filter Include="Source Files\App\Boss\BossSkill\BossSkillActor\Bat">
      <UniqueIdentifier>{eed70d43-fc1c-4694-af8d-01ea6ffb462a}</UniqueIdentifier>
    </Filter>
    <Filter Include="Source Files\App\Boss\BossSkill\DisfellEvent">
      <UniqueIdentifier>{ab5d3842-0703-41b2-b57a-c2e067ceeee4}</UniqueIdentifier>
    </Filter>
    <Filter Include="Source Files\App\Boss\BossSkill\BossSkillActor\BossProjectile">
      <UniqueIdentifier>{80db3c3b-3c76-421d-b86a-60dad9a76393}</UniqueIdentifier>
    </Filter>
    <Filter Include="Source Files\App\Boss\BossSkill\BossSkillActor\BossGrowMagicCircle">
      <UniqueIdentifier>{00c1fefb-ad86-4d54-8ea3-02e79eb780d5}</UniqueIdentifier>
    </Filter>
    <Filter Include="Source Files\App\Boss\BossSkill\BossSkillActor\BossChaseCircle">
      <UniqueIdentifier>{15cc341e-30d4-4945-a906-f70904d4e7a9}</UniqueIdentifier>
    </Filter>
    <Filter Include="Source Files\App\Boss\BossSkill\BossSkillActor\BossGrowCircle">
      <UniqueIdentifier>{81113077-3b43-4a56-9209-836d822ad18f}</UniqueIdentifier>
    </Filter>
  </ItemGroup>
  <ItemGroup>
    <ClCompile Include="GameApp.cpp">
      <Filter>Source Files\App</Filter>
    </ClCompile>
    <ClCompile Include="TestLevel.cpp">
      <Filter>Source Files\App</Filter>
    </ClCompile>
    <ClCompile Include="BossAIController.cpp">
      <Filter>Source Files\App\Boss</Filter>
    </ClCompile>
    <ClCompile Include="Player.cpp">
      <Filter>Source Files\App\Player</Filter>
    </ClCompile>
    <ClCompile Include="GCameraComponent.cpp">
      <Filter>Source Files\App\Player</Filter>
    </ClCompile>
    <ClCompile Include="MovementComponent.cpp">
      <Filter>Source Files\App</Filter>
    </ClCompile>
    <ClCompile Include="Boss.cpp">
      <Filter>Source Files\App\Boss</Filter>
    </ClCompile>
    <ClCompile Include="Skill.cpp">
      <Filter>Source Files\App\Skill</Filter>
    </ClCompile>
    <ClCompile Include="Fireball.cpp">
      <Filter>Source Files\App\Skill\Projectile\Fireball</Filter>
    </ClCompile>
    <ClCompile Include="FireballProjectile.cpp">
      <Filter>Source Files\App\Skill\Projectile\Fireball</Filter>
    </ClCompile>
    <ClCompile Include="BuffSkill.cpp">
      <Filter>Source Files\App\Skill\Buff</Filter>
    </ClCompile>
    <ClCompile Include="RangeSkill.cpp">
      <Filter>Source Files\App\Skill\Range</Filter>
    </ClCompile>
    <ClCompile Include="Projectile.cpp">
      <Filter>Source Files\App\Skill\Projectile</Filter>
    </ClCompile>
    <ClCompile Include="ProjectileSkill.cpp">
      <Filter>Source Files\App\Skill\Projectile</Filter>
    </ClCompile>
    <ClCompile Include="ChasingWaterBall.cpp">
      <Filter>Source Files\App\Skill\Projectile\ChasingWaterBall</Filter>
    </ClCompile>
    <ClCompile Include="ChasingWaterBallProjectile.cpp">
      <Filter>Source Files\App\Skill\Projectile\ChasingWaterBall</Filter>
    </ClCompile>
    <ClCompile Include="PlayerAttack.cpp">
      <Filter>Source Files\App\Player\PlayerFSM\PlayerStates</Filter>
    </ClCompile>
    <ClCompile Include="PlayerBlinking.cpp">
      <Filter>Source Files\App\Player\PlayerFSM\PlayerStates</Filter>
    </ClCompile>
    <ClCompile Include="PlayerCasting.cpp">
      <Filter>Source Files\App\Player\PlayerFSM\PlayerStates</Filter>
    </ClCompile>
    <ClCompile Include="PlayerIdle.cpp">
      <Filter>Source Files\App\Player\PlayerFSM\PlayerStates</Filter>
    </ClCompile>
    <ClCompile Include="PlayerFSMComponent.cpp">
      <Filter>Source Files\App\Player\PlayerFSM</Filter>
    </ClCompile>
    <ClCompile Include="PlayerState.cpp">
      <Filter>Source Files\App\Player\PlayerFSM\PlayerStates</Filter>
    </ClCompile>
    <ClCompile Include="WinMain.cpp">
      <Filter>Source Files\App</Filter>
    </ClCompile>
    <ClCompile Include="MPMaxIncrease.cpp">
      <Filter>Source Files\App\Skill\Buff</Filter>
    </ClCompile>
    <ClCompile Include="GPlayerController.cpp">
      <Filter>Source Files\App\Player</Filter>
    </ClCompile>
    <ClCompile Include="Meteor.cpp">
      <Filter>Source Files\App\Skill\Range\Meteor</Filter>
    </ClCompile>
    <ClCompile Include="PlayerMove.cpp">
      <Filter>Source Files\App\Player\PlayerFSM\PlayerStates</Filter>
    </ClCompile>
    <ClCompile Include="PlayerMoveAnimation.cpp">
      <Filter>Source Files\App\Player\PlayerAnimations</Filter>
    </ClCompile>
    <ClCompile Include="PlayerIdleAnimation.cpp">
      <Filter>Source Files\App\Player\PlayerAnimations</Filter>
    </ClCompile>
    <ClCompile Include="PrismReflection.cpp">
      <Filter>Source Files\App\Skill\Projectile\PrismReflection</Filter>
    </ClCompile>
    <ClCompile Include="PrismReflectionProjectile.cpp">
      <Filter>Source Files\App\Skill\Projectile\PrismReflection</Filter>
    </ClCompile>
    <ClCompile Include="CoolTime.cpp">
      <Filter>Source Files\App\Utils\CoolTime</Filter>
    </ClCompile>
    <ClCompile Include="PlayerAttackReady.cpp">
      <Filter>Source Files\App\Player\PlayerFSM\PlayerStates</Filter>
    </ClCompile>
    <ClCompile Include="DarkSphere.cpp">
      <Filter>Source Files\App\Skill\Projectile\DarkSphere</Filter>
    </ClCompile>
    <ClCompile Include="TighteningCircle.cpp">
      <Filter>Source Files\App\Skill\Range\TighteningCircle</Filter>
    </ClCompile>
    <ClCompile Include="TighteningCircleEffect.cpp">
      <Filter>Source Files\App\Skill\Range\TighteningCircle</Filter>
    </ClCompile>
    <ClCompile Include="MeteorEffect.cpp">
      <Filter>Source Files\App\Skill\Range\Meteor</Filter>
    </ClCompile>
    <ClCompile Include="DarkSphereProjectile.cpp">
      <Filter>Source Files\App\Skill\Projectile\DarkSphere</Filter>
    </ClCompile>
    <ClCompile Include="TestWall.cpp">
      <Filter>Source Files</Filter>
    </ClCompile>
    <ClCompile Include="TestActor2.cpp">
      <Filter>Source Files</Filter>
    </ClCompile>
    <ClCompile Include="AggressiveWaves.cpp">
      <Filter>Source Files\App\Skill\Range\AggressiveWaves</Filter>
    </ClCompile>
    <ClCompile Include="AggressiveWavesEffect.cpp">
      <Filter>Source Files\App\Skill\Range\AggressiveWaves</Filter>
    </ClCompile>
    <ClCompile Include="MPRecovery.cpp">
      <Filter>Source Files\App\Skill\Buff</Filter>
    </ClCompile>
    <ClCompile Include="Enchant.cpp">
      <Filter>Source Files\App\Skill\Buff</Filter>
    </ClCompile>
    <ClCompile Include="Heal.cpp">
      <Filter>Source Files\App\Skill\Special</Filter>
    </ClCompile>
    <ClCompile Include="BossSkillActor.cpp">
      <Filter>Source Files\App\Boss\BossSkill\BossSkillActor</Filter>
    </ClCompile>
    <ClCompile Include="TeleportAction.cpp">
      <Filter>Source Files\App\Boss\BossBehaviorTree\ActionNodes</Filter>
    </ClCompile>
    <ClCompile Include="GroggyAction.cpp">
      <Filter>Source Files\App\Boss\BossBehaviorTree\ActionNodes</Filter>
    </ClCompile>
    <ClCompile Include="BossBehaviorTree.cpp">
      <Filter>Source Files\App\Boss\BossBehaviorTree</Filter>
    </ClCompile>
    <ClCompile Include="Pattern1Action.cpp">
      <Filter>Source Files\App\Boss\BossBehaviorTree\ActionNodes</Filter>
    </ClCompile>
    <ClCompile Include="Pattern2Action.cpp">
      <Filter>Source Files\App\Boss\BossBehaviorTree\ActionNodes</Filter>
    </ClCompile>
    <ClCompile Include="Pattern3Action.cpp">
      <Filter>Source Files\App\Boss\BossBehaviorTree\ActionNodes</Filter>
    </ClCompile>
    <ClCompile Include="Pattern4Action.cpp">
      <Filter>Source Files\App\Boss\BossBehaviorTree\ActionNodes</Filter>
    </ClCompile>
    <ClCompile Include="Pattern5Action.cpp">
      <Filter>Source Files\App\Boss\BossBehaviorTree\ActionNodes</Filter>
    </ClCompile>
    <ClCompile Include="Pattern6Action.cpp">
      <Filter>Source Files\App\Boss\BossBehaviorTree\ActionNodes</Filter>
    </ClCompile>
    <ClCompile Include="Pattern7Action.cpp">
      <Filter>Source Files\App\Boss\BossBehaviorTree\ActionNodes</Filter>
    </ClCompile>
    <ClCompile Include="Pattern8Action.cpp">
      <Filter>Source Files\App\Boss\BossBehaviorTree\ActionNodes</Filter>
    </ClCompile>
    <ClCompile Include="Pattern9Action.cpp">
      <Filter>Source Files\App\Boss\BossBehaviorTree\ActionNodes</Filter>
    </ClCompile>
    <ClCompile Include="Pattern10Action.cpp">
      <Filter>Source Files\App\Boss\BossBehaviorTree\ActionNodes</Filter>
    </ClCompile>
    <ClCompile Include="PatternAction.cpp">
      <Filter>Source Files\App\Boss\BossBehaviorTree\ActionNodes</Filter>
    </ClCompile>
    <ClCompile Include="LightStream.cpp">
      <Filter>Source Files\App\Skill\Range\LightStream</Filter>
    </ClCompile>
    <ClCompile Include="LightStreamEffect.cpp">
      <Filter>Source Files\App\Skill\Range\LightStream</Filter>
    </ClCompile>
    <ClCompile Include="ElementsPanel.cpp">
      <Filter>Source Files\App\UI</Filter>
    </ClCompile>
    <ClCompile Include="PlayerDisfell.cpp">
      <Filter>Source Files\App\Player\PlayerFSM\PlayerStates</Filter>
    </ClCompile>
    <ClCompile Include="Bat.cpp">
      <Filter>Source Files\App\Boss\BossSkill\BossSkillActor\Bat</Filter>
    </ClCompile>
    <ClCompile Include="BossGrowMagicCircle.cpp">
      <Filter>Source Files\App\Boss\BossSkill\BossSkillActor\BossGrowMagicCircle</Filter>
    </ClCompile>
    <ClCompile Include="BossProjectile.cpp">
      <Filter>Source Files\App\Boss\BossSkill\BossSkillActor\BossProjectile</Filter>
    </ClCompile>
    <ClCompile Include="BasicAttack.cpp">
      <Filter>Source Files\App\Skill\Projectile</Filter>
    </ClCompile>
    <ClCompile Include="ManaDepletedPanel.cpp">
      <Filter>Source Files\App\UI</Filter>
    </ClCompile>
    <ClCompile Include="BossHPPanel.cpp">
      <Filter>Source Files\App\UI</Filter>
    </ClCompile>
    <ClCompile Include="DisfellPanel.cpp">
      <Filter>Source Files\App\UI</Filter>
    </ClCompile>
    <ClCompile Include="MagicCircle.cpp">
      <Filter>Source Files\App\Player</Filter>
    </ClCompile>
    <ClCompile Include="Signal.cpp">
      <Filter>Source Files\App\UI</Filter>
    </ClCompile>
    <ClCompile Include="BossChaseCircle.cpp">
      <Filter>Source Files\App\Boss\BossSkill\BossSkillActor\BossChaseCircle</Filter>
    </ClCompile>
    <ClCompile Include="BossGrowCircle.cpp">
      <Filter>Source Files\App\Boss\BossSkill\BossSkillActor\BossGrowCircle</Filter>
    </ClCompile>
    <ClCompile Include="ManaOverload.cpp">
      <Filter>Source Files\App\Skill\Buff</Filter>
    </ClCompile>
  </ItemGroup>
  <ItemGroup>
    <ClInclude Include="common.h">
      <Filter>Header Files</Filter>
    </ClInclude>
    <ClInclude Include="GameApp.h">
      <Filter>Source Files\App</Filter>
    </ClInclude>
    <ClInclude Include="config.h">
      <Filter>Header Files</Filter>
    </ClInclude>
    <ClInclude Include="TestLevel.h">
      <Filter>Source Files\App</Filter>
    </ClInclude>
    <ClInclude Include="BossAIController.h">
      <Filter>Source Files\App\Boss</Filter>
    </ClInclude>
    <ClInclude Include="Player.h">
      <Filter>Source Files\App\Player</Filter>
    </ClInclude>
    <ClInclude Include="GCameraComponent.h">
      <Filter>Source Files\App\Player</Filter>
    </ClInclude>
    <ClInclude Include="MovementComponent.h">
      <Filter>Source Files\App</Filter>
    </ClInclude>
    <ClInclude Include="Boss.h">
      <Filter>Source Files\App\Boss</Filter>
    </ClInclude>
    <ClInclude Include="Skill.h">
      <Filter>Source Files\App\Skill</Filter>
    </ClInclude>
    <ClInclude Include="Fireball.h">
      <Filter>Source Files\App\Skill\Projectile\Fireball</Filter>
    </ClInclude>
    <ClInclude Include="FireballProjectile.h">
      <Filter>Source Files\App\Skill\Projectile\Fireball</Filter>
    </ClInclude>
    <ClInclude Include="BuffSkill.h">
      <Filter>Source Files\App\Skill\Buff</Filter>
    </ClInclude>
    <ClInclude Include="RangeSkill.h">
      <Filter>Source Files\App\Skill\Range</Filter>
    </ClInclude>
    <ClInclude Include="Projectile.h">
      <Filter>Source Files\App\Skill\Projectile</Filter>
    </ClInclude>
    <ClInclude Include="ProjectileSkill.h">
      <Filter>Source Files\App\Skill\Projectile</Filter>
    </ClInclude>
    <ClInclude Include="ChasingWaterBall.h">
      <Filter>Source Files\App\Skill\Projectile\ChasingWaterBall</Filter>
    </ClInclude>
    <ClInclude Include="ChasingWaterBallProjectile.h">
      <Filter>Source Files\App\Skill\Projectile\ChasingWaterBall</Filter>
    </ClInclude>
    <ClInclude Include="PlayerStates.h">
      <Filter>Source Files\App\Player\PlayerFSM\PlayerStates</Filter>
    </ClInclude>
    <ClInclude Include="PlayerAttack.h">
      <Filter>Source Files\App\Player\PlayerFSM\PlayerStates</Filter>
    </ClInclude>
    <ClInclude Include="PlayerBlinking.h">
      <Filter>Source Files\App\Player\PlayerFSM\PlayerStates</Filter>
    </ClInclude>
    <ClInclude Include="PlayerCasting.h">
      <Filter>Source Files\App\Player\PlayerFSM\PlayerStates</Filter>
    </ClInclude>
    <ClInclude Include="PlayerIdle.h">
      <Filter>Source Files\App\Player\PlayerFSM\PlayerStates</Filter>
    </ClInclude>
    <ClInclude Include="PlayerFSMComponent.h">
      <Filter>Source Files\App\Player\PlayerFSM</Filter>
    </ClInclude>
    <ClInclude Include="PlayerState.h">
      <Filter>Source Files\App\Player\PlayerFSM\PlayerStates</Filter>
    </ClInclude>
    <ClInclude Include="MPMaxIncrease.h">
      <Filter>Source Files\App\Skill\Buff</Filter>
    </ClInclude>
    <ClInclude Include="GPlayerController.h">
      <Filter>Source Files\App\Player</Filter>
    </ClInclude>
    <ClInclude Include="Meteor.h">
      <Filter>Source Files\App\Skill\Range\Meteor</Filter>
    </ClInclude>
    <ClInclude Include="PlayerMove.h">
      <Filter>Source Files\App\Player\PlayerFSM\PlayerStates</Filter>
    </ClInclude>
    <ClInclude Include="PlayerMoveAnimation.h">
      <Filter>Source Files\App\Player\PlayerAnimations</Filter>
    </ClInclude>
    <ClInclude Include="PlayerIdleAnimation.h">
      <Filter>Source Files\App\Player\PlayerAnimations</Filter>
    </ClInclude>
    <ClInclude Include="PlayerAnimationStates.h">
      <Filter>Source Files\App\Player\PlayerAnimations</Filter>
    </ClInclude>
    <ClInclude Include="PrismReflectionProjectile.h">
      <Filter>Source Files\App\Skill\Projectile\PrismReflection</Filter>
    </ClInclude>
    <ClInclude Include="PrismReflection.h">
      <Filter>Source Files\App\Skill\Projectile\PrismReflection</Filter>
    </ClInclude>
    <ClInclude Include="SkillList.h">
      <Filter>Source Files\App\Skill</Filter>
    </ClInclude>
    <ClInclude Include="CoolTime.h">
      <Filter>Source Files\App\Utils\CoolTime</Filter>
    </ClInclude>
    <ClInclude Include="PlayerAttackReady.h">
      <Filter>Source Files\App\Player\PlayerFSM\PlayerStates</Filter>
    </ClInclude>
    <ClInclude Include="DarkSphere.h">
      <Filter>Source Files\App\Skill\Projectile\DarkSphere</Filter>
    </ClInclude>
    <ClInclude Include="TighteningCircle.h">
      <Filter>Source Files\App\Skill\Range\TighteningCircle</Filter>
    </ClInclude>
    <ClInclude Include="TighteningCircleEffect.h">
      <Filter>Source Files\App\Skill\Range\TighteningCircle</Filter>
    </ClInclude>
    <ClInclude Include="MeteorEffect.h">
      <Filter>Source Files\App\Skill\Range\Meteor</Filter>
    </ClInclude>
    <ClInclude Include="DarkSphereProjectile.h">
      <Filter>Source Files\App\Skill\Projectile\DarkSphere</Filter>
    </ClInclude>
    <ClInclude Include="AggressiveWaves.h">
      <Filter>Source Files\App\Skill\Range\AggressiveWaves</Filter>
    </ClInclude>
    <ClInclude Include="AggressiveWavesEffect.h">
      <Filter>Source Files\App\Skill\Range\AggressiveWaves</Filter>
    </ClInclude>
    <ClInclude Include="MPRecovery.h">
      <Filter>Source Files\App\Skill\Buff</Filter>
    </ClInclude>
    <ClInclude Include="Enchant.h">
      <Filter>Source Files\App\Skill\Buff</Filter>
    </ClInclude>
    <ClInclude Include="Heal.h">
      <Filter>Source Files\App\Skill\Special</Filter>
    </ClInclude>
    <ClInclude Include="IBossSkill.h">
      <Filter>Source Files\App\Boss\BossSkill</Filter>
    </ClInclude>
    <ClInclude Include="BossSkillActor.h">
      <Filter>Source Files\App\Boss\BossSkill\BossSkillActor</Filter>
    </ClInclude>
    <ClInclude Include="BossBehaviorTree.h">
      <Filter>Source Files\App\Boss\BossBehaviorTree</Filter>
    </ClInclude>
    <ClInclude Include="TeleportAction.h">
      <Filter>Source Files\App\Boss\BossBehaviorTree\ActionNodes</Filter>
    </ClInclude>
    <ClInclude Include="GroggyAction.h">
      <Filter>Source Files\App\Boss\BossBehaviorTree\ActionNodes</Filter>
    </ClInclude>
    <ClInclude Include="Pattern1Action.h">
      <Filter>Source Files\App\Boss\BossBehaviorTree\ActionNodes</Filter>
    </ClInclude>
    <ClInclude Include="Pattern2Action.h">
      <Filter>Source Files\App\Boss\BossBehaviorTree\ActionNodes</Filter>
    </ClInclude>
    <ClInclude Include="Pattern3Action.h">
      <Filter>Source Files\App\Boss\BossBehaviorTree\ActionNodes</Filter>
    </ClInclude>
    <ClInclude Include="Pattern4Action.h">
      <Filter>Source Files\App\Boss\BossBehaviorTree\ActionNodes</Filter>
    </ClInclude>
    <ClInclude Include="Pattern5Action.h">
      <Filter>Source Files\App\Boss\BossBehaviorTree\ActionNodes</Filter>
    </ClInclude>
    <ClInclude Include="Pattern6Action.h">
      <Filter>Source Files\App\Boss\BossBehaviorTree\ActionNodes</Filter>
    </ClInclude>
    <ClInclude Include="Pattern7Action.h">
      <Filter>Source Files\App\Boss\BossBehaviorTree\ActionNodes</Filter>
    </ClInclude>
    <ClInclude Include="Pattern8Action.h">
      <Filter>Source Files\App\Boss\BossBehaviorTree\ActionNodes</Filter>
    </ClInclude>
    <ClInclude Include="BossActionNodes.h">
      <Filter>Source Files\App\Boss\BossBehaviorTree\ActionNodes</Filter>
    </ClInclude>
    <ClInclude Include="Pattern9Action.h">
      <Filter>Source Files\App\Boss\BossBehaviorTree\ActionNodes</Filter>
    </ClInclude>
    <ClInclude Include="Pattern10Action.h">
      <Filter>Source Files\App\Boss\BossBehaviorTree\ActionNodes</Filter>
    </ClInclude>
    <ClInclude Include="PatternAction.h">
      <Filter>Source Files\App\Boss\BossBehaviorTree\ActionNodes</Filter>
    </ClInclude>
    <ClInclude Include="LightStream.h">
      <Filter>Source Files\App\Skill\Range\LightStream</Filter>
    </ClInclude>
    <ClInclude Include="LightStreamEffect.h">
      <Filter>Source Files\App\Skill\Range\LightStream</Filter>
    </ClInclude>
    <ClInclude Include="TestLevel1_RenderLayer.h">
      <Filter>Source Files\App</Filter>
    </ClInclude>
    <ClInclude Include="ElementsPanel.h">
      <Filter>Source Files\App\UI</Filter>
    </ClInclude>
    <ClInclude Include="PlayerDisfell.h">
      <Filter>Source Files\App\Player\PlayerFSM\PlayerStates</Filter>
    </ClInclude>
    <ClInclude Include="Bat.h">
      <Filter>Source Files\App\Boss\BossSkill\BossSkillActor\Bat</Filter>
    </ClInclude>
    <ClInclude Include="DisfellEvent.h">
      <Filter>Source Files\App\Boss\BossSkill\DisfellEvent</Filter>
    </ClInclude>
    <ClInclude Include="BossGrowMagicCircle.h">
      <Filter>Source Files\App\Boss\BossSkill\BossSkillActor\BossGrowMagicCircle</Filter>
    </ClInclude>
    <ClInclude Include="BossProjectile.h">
      <Filter>Source Files\App\Boss\BossSkill\BossSkillActor\BossProjectile</Filter>
    </ClInclude>
    <ClInclude Include="BasicAttack.h">
      <Filter>Source Files\App\Skill\Projectile</Filter>
    </ClInclude>
    <ClInclude Include="ManaDepletedPanel.h">
      <Filter>Source Files\App\UI</Filter>
    </ClInclude>
    <ClInclude Include="BossHPPanel.h">
      <Filter>Source Files\App\UI</Filter>
    </ClInclude>
    <ClInclude Include="DisfellPanel.h">
      <Filter>Source Files\App\UI</Filter>
    </ClInclude>
    <ClInclude Include="Signal.h">
      <Filter>Source Files\App\UI</Filter>
    </ClInclude>
    <ClInclude Include="MagicCircle.h">
      <Filter>Source Files\App\Player</Filter>
    </ClInclude>
    <ClInclude Include="BossChaseCircle.h">
      <Filter>Source Files\App\Boss\BossSkill\BossSkillActor\BossChaseCircle</Filter>
    </ClInclude>
    <ClInclude Include="BossGrowCircle.h">
      <Filter>Source Files\App\Boss\BossSkill\BossSkillActor\BossGrowCircle</Filter>
    </ClInclude>
    <ClInclude Include="ManaOverload.h">
      <Filter>Source Files\App\Skill\Buff</Filter>
    </ClInclude>
  </ItemGroup>
</Project>