<?xml version="1.0" encoding="utf-8"?>
<Project ToolsVersion="4.0" xmlns="http://schemas.microsoft.com/developer/msbuild/2003">
  <ItemGroup>
    <Filter Include="Source Files">
      <UniqueIdentifier>{4FC737F1-C7A5-4376-A066-2A32D752A2FF}</UniqueIdentifier>
      <Extensions>cpp;c;cc;cxx;c++;cppm;ixx;def;odl;idl;hpj;bat;asm;asmx</Extensions>
    </Filter>
    <Filter Include="Header Files">
      <UniqueIdentifier>{93995380-89BD-4b04-88EB-625FBE52EBFB}</UniqueIdentifier>
      <Extensions>h;hh;hpp;hxx;h++;hm;inl;inc;ipp;xsd</Extensions>
    </Filter>
    <Filter Include="Source Files\Window">
      <UniqueIdentifier>{8093f73d-57cb-4f1b-97ec-c8f21c4ac47e}</UniqueIdentifier>
    </Filter>
    <Filter Include="Source Files\GameEngine">
      <UniqueIdentifier>{0a4f3651-891e-4065-ba9c-debdfc0d1724}</UniqueIdentifier>
    </Filter>
    <Filter Include="Source Files\GameEngine\Core">
      <UniqueIdentifier>{5b68ebbb-61c9-437d-b568-f9d9b9077890}</UniqueIdentifier>
    </Filter>
    <Filter Include="Source Files\Window\WinBase">
      <UniqueIdentifier>{d0d248a7-4f5f-4845-becc-42ceeb53febd}</UniqueIdentifier>
    </Filter>
    <Filter Include="Source Files\GameEngine\Core\Debug">
      <UniqueIdentifier>{fc3cfe53-400f-46c7-aec7-80e05109c2ce}</UniqueIdentifier>
    </Filter>
    <Filter Include="Source Files\GameEngine\Core\Internal">
      <UniqueIdentifier>{f430f573-4f61-40c7-92f1-789c66e11727}</UniqueIdentifier>
    </Filter>
    <Filter Include="Source Files\GameEngine\Core\Debug\Console">
      <UniqueIdentifier>{86e4e714-353f-4db5-a487-10d1212de2db}</UniqueIdentifier>
    </Filter>
    <Filter Include="Source Files\GameEngine\Core\Debug\Logger">
      <UniqueIdentifier>{ae4e39be-1f19-4ce6-8c9b-5301c55d0879}</UniqueIdentifier>
    </Filter>
    <Filter Include="Source Files\GameEngine\Core\Debug\Util">
      <UniqueIdentifier>{7d10b21d-048b-4290-8a03-6c1b2aad0e0c}</UniqueIdentifier>
    </Filter>
    <Filter Include="Source Files\GameEngine\ResourceManager">
      <UniqueIdentifier>{30446aa7-513a-44da-99b9-12d068ab9ef8}</UniqueIdentifier>
    </Filter>
    <Filter Include="Source Files\GameEngine\GameFramework">
      <UniqueIdentifier>{0a68d8d9-ad75-4b1b-a826-47868fb6dc52}</UniqueIdentifier>
    </Filter>
    <Filter Include="Source Files\GameEngine\GameFramework\World">
      <UniqueIdentifier>{30b28e72-895a-40df-a1e8-a0f768746303}</UniqueIdentifier>
    </Filter>
    <Filter Include="Source Files\GameEngine\GameFramework\World\Level">
      <UniqueIdentifier>{9e2ccf1a-7180-47f0-ba6c-5b6711350578}</UniqueIdentifier>
    </Filter>
    <Filter Include="Source Files\GameEngine\GameFramework\GameObject">
      <UniqueIdentifier>{4cfbaa3e-be92-43c4-aebc-2a21b84c7666}</UniqueIdentifier>
    </Filter>
    <Filter Include="Source Files\GameEngine\Components">
      <UniqueIdentifier>{327dbb39-3c67-4196-a619-41b8b1c8ef3b}</UniqueIdentifier>
    </Filter>
    <Filter Include="Source Files\GameEngine\AI">
      <UniqueIdentifier>{57f8b925-ba1a-4153-a2d5-36f505d33c2d}</UniqueIdentifier>
    </Filter>
    <Filter Include="Source Files\GameEngine\Camera">
      <UniqueIdentifier>{1bf5ae90-1b15-4d95-8e9e-094a01712cff}</UniqueIdentifier>
    </Filter>
    <Filter Include="Source Files\GameEngine\Sound">
      <UniqueIdentifier>{18c5e5ce-317d-441c-9373-eac1a1c90b5a}</UniqueIdentifier>
    </Filter>
    <Filter Include="Source Files\GameEngine\Particle">
      <UniqueIdentifier>{4b540ae2-370e-4514-add6-d1cedd51ec8f}</UniqueIdentifier>
    </Filter>
    <Filter Include="Source Files\GameEngine\InputSystem">
      <UniqueIdentifier>{816a7e23-17c5-40e2-bebb-0db373020597}</UniqueIdentifier>
    </Filter>
    <Filter Include="Source Files\GameEngine\InputSystem\KeyBoard">
      <UniqueIdentifier>{c549733b-f3cf-414b-b909-0b4a82e70d95}</UniqueIdentifier>
    </Filter>
    <Filter Include="Source Files\GameEngine\InputSystem\Mouse">
      <UniqueIdentifier>{a4874b5d-96e8-436d-b47e-c5104b062d1a}</UniqueIdentifier>
    </Filter>
    <Filter Include="Source Files\GameEngine\InputSystem\InputAction">
      <UniqueIdentifier>{61ad1dc2-c25d-4ec8-87b1-5c64188bdee1}</UniqueIdentifier>
    </Filter>
    <Filter Include="Source Files\GameEngine\Object">
      <UniqueIdentifier>{53f4200c-d692-46f5-98f6-f1c1ed5d0fa4}</UniqueIdentifier>
    </Filter>
    <Filter Include="Source Files\GameEngine\Render">
      <UniqueIdentifier>{ddf27272-7399-4b86-b383-d35e5bcb4275}</UniqueIdentifier>
    </Filter>
    <Filter Include="Source Files\GameEngine\Components\Animation">
      <UniqueIdentifier>{2c6addca-4509-42fe-80ab-43247d676d51}</UniqueIdentifier>
    </Filter>
    <Filter Include="Source Files\GameEngine\Object\Controller">
      <UniqueIdentifier>{7c0835b0-fcd4-4a5b-97dc-f9084f511aac}</UniqueIdentifier>
    </Filter>
    <Filter Include="Source Files\GameEngine\UI">
      <UniqueIdentifier>{a81a619e-ea13-4bf6-9246-0b84c877d95d}</UniqueIdentifier>
    </Filter>
    <Filter Include="Source Files\GameEngine\Core\Event">
      <UniqueIdentifier>{c3bfff51-c90d-401c-b05d-06cdd2db3be0}</UniqueIdentifier>
    </Filter>
    <Filter Include="Source Files\GameEngine\Core\Event\Events">
      <UniqueIdentifier>{7d5a996a-504a-4205-b4fc-cd8e934ba5ac}</UniqueIdentifier>
    </Filter>
    <Filter Include="Source Files\GameEngine\Core\Event\Dispatchers">
      <UniqueIdentifier>{d0629488-3a3f-46de-a15e-51447842a6b7}</UniqueIdentifier>
    </Filter>
    <Filter Include="Source Files\GameEngine\AI\BehaviorTree">
      <UniqueIdentifier>{b349f543-1f2a-4117-92c4-90f2ec717b22}</UniqueIdentifier>
    </Filter>
    <Filter Include="Source Files\GameEngine\AI\BehaviorTree\Nodes">
      <UniqueIdentifier>{562ef7e0-83a0-4456-98a1-612859a7850b}</UniqueIdentifier>
    </Filter>
    <Filter Include="Source Files\GameEngine\AI\BehaviorTree\Nodes\Actions">
      <UniqueIdentifier>{2de1ad6d-d459-43c6-a6e5-3c5c7dbf422d}</UniqueIdentifier>
    </Filter>
    <Filter Include="Source Files\GameEngine\AI\PathFinder">
      <UniqueIdentifier>{bc36ca35-dbc7-437c-897e-b4f45f78d56b}</UniqueIdentifier>
    </Filter>
    <Filter Include="Source Files\GameEngine\Core\DotTween">
      <UniqueIdentifier>{41c87c29-4042-46f5-ba97-5ad4f9c3b1de}</UniqueIdentifier>
    </Filter>
    <Filter Include="Source Files\GameEngine\Core\Math">
      <UniqueIdentifier>{e16b01ee-addd-4e11-97b7-bd9163af5122}</UniqueIdentifier>
    </Filter>
    <Filter Include="Source Files\GameEngine\Core\Reflection">
      <UniqueIdentifier>{2c2b1050-65c6-4129-9f42-c87471905e60}</UniqueIdentifier>
    </Filter>
    <Filter Include="Source Files\GameEngine\Render\Effects">
      <UniqueIdentifier>{72eb85ef-4f3d-4827-9c12-744320849939}</UniqueIdentifier>
    </Filter>
    <Filter Include="Source Files\GameEngine\Components\Primitive">
      <UniqueIdentifier>{87ffc594-c9b3-4626-9e25-3ce9804b7884}</UniqueIdentifier>
    </Filter>
    <Filter Include="Source Files\GameEngine\Components\Primitive\Bitmap">
      <UniqueIdentifier>{23874f8f-84c9-4337-b272-7740cfacda86}</UniqueIdentifier>
    </Filter>
    <Filter Include="Source Files\GameEngine\Components\Primitive\Bitmap\AnimationBitmap">
      <UniqueIdentifier>{c84accfd-8b71-4555-b7df-5d03b4305475}</UniqueIdentifier>
    </Filter>
    <Filter Include="Source Files\GameEngine\Components\Primitive\Shape">
      <UniqueIdentifier>{b899f860-2138-4e75-b646-e7669e5a67b0}</UniqueIdentifier>
    </Filter>
    <Filter Include="Source Files\GameEngine\Physics">
      <UniqueIdentifier>{d585a26a-d37b-49b9-8a76-dd6e0d71ab5e}</UniqueIdentifier>
    </Filter>
  </ItemGroup>
  <ItemGroup>
    <ClInclude Include="framework.h">
      <Filter>Header Files</Filter>
    </ClInclude>
    <ClInclude Include="WinApp.h">
      <Filter>Source Files\Window</Filter>
    </ClInclude>
    <ClInclude Include="GameEngine.h">
      <Filter>Source Files\GameEngine</Filter>
    </ClInclude>
    <ClInclude Include="Timer.h">
      <Filter>Source Files\GameEngine\Core</Filter>
    </ClInclude>
    <ClInclude Include="D2DRenderer.h">
      <Filter>Source Files\GameEngine\Render</Filter>
    </ClInclude>
    <ClInclude Include="Singleton.h">
      <Filter>Source Files\GameEngine\Core</Filter>
    </ClInclude>
    <ClInclude Include="RandomGenerator.h">
      <Filter>Source Files\GameEngine\Core</Filter>
    </ClInclude>
    <ClInclude Include="Types.h">
      <Filter>Source Files\GameEngine\Core\Internal</Filter>
    </ClInclude>
    <ClInclude Include="TypeRegistryId.h">
      <Filter>Source Files\GameEngine\Core\Internal</Filter>
    </ClInclude>
    <ClInclude Include="ObjectRegistryId.h">
      <Filter>Source Files\GameEngine\Core\Internal</Filter>
    </ClInclude>
    <ClInclude Include="Descriptor.h">
      <Filter>Source Files\GameEngine\Core\Internal</Filter>
    </ClInclude>
    <ClInclude Include="DebugConsole.h">
      <Filter>Source Files\GameEngine\Core\Debug\Console</Filter>
    </ClInclude>
    <ClInclude Include="Debug.h">
      <Filter>Source Files\GameEngine\Core\Debug</Filter>
    </ClInclude>
    <ClInclude Include="DebugLogger.h">
      <Filter>Source Files\GameEngine\Core\Debug\Logger</Filter>
    </ClInclude>
    <ClInclude Include="DebugUtil.h">
      <Filter>Source Files\GameEngine\Core\Debug\Util</Filter>
    </ClInclude>
    <ClInclude Include="World.h">
      <Filter>Source Files\GameEngine\GameFramework\World</Filter>
    </ClInclude>
    <ClInclude Include="Level.h">
      <Filter>Source Files\GameEngine\GameFramework\World\Level</Filter>
    </ClInclude>
    <ClInclude Include="GameObject.h">
      <Filter>Source Files\GameEngine\GameFramework\GameObject</Filter>
    </ClInclude>
    <ClInclude Include="IComponent.h">
      <Filter>Source Files\GameEngine\Components</Filter>
    </ClInclude>
    <ClInclude Include="CameraComponent.h">
      <Filter>Source Files\GameEngine\Camera</Filter>
    </ClInclude>
    <ClInclude Include="CameraShake.h">
      <Filter>Source Files\GameEngine\Camera</Filter>
    </ClInclude>
    <ClInclude Include="Particle.h">
      <Filter>Source Files\GameEngine\Particle</Filter>
    </ClInclude>
    <ClInclude Include="SimpleMath.h">
      <Filter>Source Files\GameEngine\Core\Math</Filter>
    </ClInclude>
    <ClInclude Include="SimpleMath.inl">
      <Filter>Source Files\GameEngine\Core\Math</Filter>
    </ClInclude>
    <ClInclude Include="EasingFunction.h">
      <Filter>Source Files\GameEngine\Core\DotTween</Filter>
    </ClInclude>
    <ClInclude Include="DotTween.h">
      <Filter>Source Files\GameEngine\Core\DotTween</Filter>
    </ClInclude>
    <ClInclude Include="IInputDevice.h">
      <Filter>Source Files\GameEngine\InputSystem</Filter>
    </ClInclude>
    <ClInclude Include="InputSystem.h">
      <Filter>Source Files\GameEngine\InputSystem</Filter>
    </ClInclude>
    <ClInclude Include="KeyBoard.h">
      <Filter>Source Files\GameEngine\InputSystem\KeyBoard</Filter>
    </ClInclude>
    <ClInclude Include="Mouse.h">
      <Filter>Source Files\GameEngine\InputSystem\Mouse</Filter>
    </ClInclude>
    <ClInclude Include="InputAction.h">
      <Filter>Source Files\GameEngine\InputSystem\InputAction</Filter>
    </ClInclude>
    <ClInclude Include="IObject.h">
      <Filter>Source Files\GameEngine\Object</Filter>
    </ClInclude>
    <ClInclude Include="SceneComponent.h">
      <Filter>Source Files\GameEngine\Components</Filter>
    </ClInclude>
    <ClInclude Include="FactoryManager.h">
      <Filter>Source Files\GameEngine\Core</Filter>
    </ClInclude>
    <ClInclude Include="d2d_types.h">
      <Filter>Header Files</Filter>
    </ClInclude>
    <ClInclude Include="Actor.h">
      <Filter>Source Files\GameEngine\Object</Filter>
    </ClInclude>
    <ClInclude Include="Reflection.h">
      <Filter>Source Files\GameEngine\Core\Reflection</Filter>
    </ClInclude>
    <ClInclude Include="Character.h">
      <Filter>Source Files\GameEngine\Object</Filter>
    </ClInclude>
    <ClInclude Include="PlayerController.h">
      <Filter>Source Files\GameEngine\Object\Controller</Filter>
    </ClInclude>
    <ClInclude Include="Controller.h">
      <Filter>Source Files\GameEngine\Object\Controller</Filter>
    </ClInclude>
    <ClInclude Include="InputComponent.h">
      <Filter>Source Files\GameEngine\Components</Filter>
    </ClInclude>
    <ClInclude Include="Pawn.h">
      <Filter>Source Files\GameEngine\Object</Filter>
    </ClInclude>
    <ClInclude Include="Animator.h">
      <Filter>Source Files\GameEngine\Components\Animation</Filter>
    </ClInclude>
    <ClInclude Include="AnimationState.h">
      <Filter>Source Files\GameEngine\Components\Animation</Filter>
    </ClInclude>
    <ClInclude Include="Canvas.h">
      <Filter>Source Files\GameEngine\UI</Filter>
    </ClInclude>
    <ClInclude Include="UIImage.h">
      <Filter>Source Files\GameEngine\UI</Filter>
    </ClInclude>
    <ClInclude Include="UIText.h">
      <Filter>Source Files\GameEngine\UI</Filter>
    </ClInclude>
    <ClInclude Include="UIElement.h">
      <Filter>Source Files\GameEngine\UI</Filter>
    </ClInclude>
    <ClInclude Include="EventBus.h">
      <Filter>Source Files\GameEngine\Core\Event</Filter>
    </ClInclude>
    <ClInclude Include="EventDelegate.h">
      <Filter>Source Files\GameEngine\Core\Event</Filter>
    </ClInclude>
    <ClInclude Include="EventDispatcher.h">
      <Filter>Source Files\GameEngine\Core\Event</Filter>
    </ClInclude>
    <ClInclude Include="IEventDelegate.h">
      <Filter>Source Files\GameEngine\Core\Event</Filter>
    </ClInclude>
    <ClInclude Include="IEventDispatcher.h">
      <Filter>Source Files\GameEngine\Core\Event</Filter>
    </ClInclude>
    <ClInclude Include="IEventListener.h">
      <Filter>Source Files\GameEngine\Core\Event</Filter>
    </ClInclude>
    <ClInclude Include="IEvent.h">
      <Filter>Source Files\GameEngine\Core\Event\Events</Filter>
    </ClInclude>
    <ClInclude Include="Event.h">
      <Filter>Source Files\GameEngine\Core\Event\Events</Filter>
    </ClInclude>
    <ClInclude Include="InputEventDispatcher.h">
      <Filter>Source Files\GameEngine\Core\Event\Dispatchers</Filter>
    </ClInclude>
    <ClInclude Include="InputEvent.h">
      <Filter>Source Files\GameEngine\Core\Event\Events</Filter>
    </ClInclude>
    <ClInclude Include="BehaviorTree.h">
      <Filter>Source Files\GameEngine\AI\BehaviorTree</Filter>
    </ClInclude>
    <ClInclude Include="INode.h">
      <Filter>Source Files\GameEngine\AI\BehaviorTree\Nodes</Filter>
    </ClInclude>
    <ClInclude Include="Leaf.h">
      <Filter>Source Files\GameEngine\AI\BehaviorTree\Nodes</Filter>
    </ClInclude>
    <ClInclude Include="Decorator.h">
      <Filter>Source Files\GameEngine\AI\BehaviorTree\Nodes</Filter>
    </ClInclude>
    <ClInclude Include="Composite.h">
      <Filter>Source Files\GameEngine\AI\BehaviorTree\Nodes</Filter>
    </ClInclude>
    <ClInclude Include="MoveTo.h">
      <Filter>Source Files\GameEngine\AI\BehaviorTree\Nodes\Actions</Filter>
    </ClInclude>
    <ClInclude Include="Wait.h">
      <Filter>Source Files\GameEngine\AI\BehaviorTree\Nodes\Actions</Filter>
    </ClInclude>
    <ClInclude Include="EventId.h">
      <Filter>Source Files\GameEngine\Core\Event</Filter>
    </ClInclude>
    <ClInclude Include="SampleEffect.h">
      <Filter>Source Files\GameEngine\Render\Effects</Filter>
    </ClInclude>
    <ClInclude Include="PrimitiveComponent.h">
      <Filter>Source Files\GameEngine\Components\Primitive</Filter>
    </ClInclude>
    <ClInclude Include="BitmapComponent.h">
      <Filter>Source Files\GameEngine\Components\Primitive\Bitmap</Filter>
    </ClInclude>
    <ClInclude Include="AnimationBitmapComponent.h">
      <Filter>Source Files\GameEngine\Components\Primitive\Bitmap\AnimationBitmap</Filter>
    </ClInclude>
    <ClInclude Include="ShapeComponent.h">
      <Filter>Source Files\GameEngine\Components\Primitive\Shape</Filter>
    </ClInclude>
    <ClInclude Include="CollisionShape.h">
      <Filter>Source Files\GameEngine\Physics</Filter>
    </ClInclude>
    <ClInclude Include="CircleComponent.h">
      <Filter>Source Files\GameEngine\Components\Primitive\Shape</Filter>
    </ClInclude>
    <ClInclude Include="BoxComponent.h">
      <Filter>Source Files\GameEngine\Components\Primitive\Shape</Filter>
    </ClInclude>
    <ClInclude Include="PolygonComponent.h">
      <Filter>Source Files\GameEngine\Components\Primitive\Shape</Filter>
    </ClInclude>
    <ClInclude Include="CollisionEvent.h">
      <Filter>Source Files\GameEngine\Core\Event\Events</Filter>
    </ClInclude>
    <ClInclude Include="DamageEvent.h">
      <Filter>Source Files\GameEngine\Core\Event\Events</Filter>
    </ClInclude>
    <ClInclude Include="DamageType.h">
      <Filter>Source Files\GameEngine\GameFramework</Filter>
    </ClInclude>
    <ClInclude Include="HitResult.h">
      <Filter>Source Files\GameEngine\Physics</Filter>
    </ClInclude>
  </ItemGroup>
  <ItemGroup>
    <ClCompile Include="WinBase.h">
      <Filter>Source Files\Window\WinBase</Filter>
    </ClCompile>
    <ClCompile Include="WinApp.cpp">
      <Filter>Source Files\Window</Filter>
    </ClCompile>
    <ClCompile Include="GameEngine.cpp">
      <Filter>Source Files\GameEngine</Filter>
    </ClCompile>
    <ClCompile Include="Timer.cpp">
      <Filter>Source Files\GameEngine\Core</Filter>
    </ClCompile>
    <ClCompile Include="D2DRenderer.cpp">
      <Filter>Source Files\GameEngine\Render</Filter>
    </ClCompile>
    <ClCompile Include="RandomGenerator.cpp">
      <Filter>Source Files\GameEngine\Core</Filter>
    </ClCompile>
    <ClCompile Include="DebugConsole.cpp">
      <Filter>Source Files\GameEngine\Core\Debug\Console</Filter>
    </ClCompile>
    <ClCompile Include="DebugLogger.cpp">
      <Filter>Source Files\GameEngine\Core\Debug\Logger</Filter>
    </ClCompile>
    <ClCompile Include="SimpleMath.cpp">
      <Filter>Source Files\GameEngine\Core\Math</Filter>
    </ClCompile>
    <ClCompile Include="SceneComponent.cpp">
      <Filter>Source Files\GameEngine\Components</Filter>
    </ClCompile>
    <ClCompile Include="FactoryManager.cpp">
      <Filter>Source Files\GameEngine\Core</Filter>
    </ClCompile>
    <ClCompile Include="EasingFunction.cpp">
      <Filter>Source Files\GameEngine\Core\DotTween</Filter>
    </ClCompile>
    <ClCompile Include="DotTween.cpp">
      <Filter>Source Files\GameEngine\Core\DotTween</Filter>
    </ClCompile>
    <ClCompile Include="IInputDevice.cpp">
      <Filter>Source Files\GameEngine\InputSystem</Filter>
    </ClCompile>
    <ClCompile Include="InputSystem.cpp">
      <Filter>Source Files\GameEngine\InputSystem</Filter>
    </ClCompile>
    <ClCompile Include="KeyBoard.cpp">
      <Filter>Source Files\GameEngine\InputSystem\KeyBoard</Filter>
    </ClCompile>
    <ClCompile Include="Mouse.cpp">
      <Filter>Source Files\GameEngine\InputSystem\Mouse</Filter>
    </ClCompile>
    <ClCompile Include="InputAction.cpp">
      <Filter>Source Files\GameEngine\InputSystem\InputAction</Filter>
    </ClCompile>
    <ClCompile Include="Actor.cpp">
      <Filter>Source Files\GameEngine\Object</Filter>
    </ClCompile>
    <ClCompile Include="Character.cpp">
      <Filter>Source Files\GameEngine\Object</Filter>
    </ClCompile>
    <ClCompile Include="PlayerController.cpp">
      <Filter>Source Files\GameEngine\Object\Controller</Filter>
    </ClCompile>
    <ClCompile Include="Controller.cpp">
      <Filter>Source Files\GameEngine\Object\Controller</Filter>
    </ClCompile>
    <ClCompile Include="InputComponent.cpp">
      <Filter>Source Files\GameEngine\Components</Filter>
    </ClCompile>
    <ClCompile Include="World.cpp">
      <Filter>Source Files\GameEngine\GameFramework\World</Filter>
    </ClCompile>
    <ClCompile Include="Level.cpp">
      <Filter>Source Files\GameEngine\GameFramework\World\Level</Filter>
    </ClCompile>
    <ClCompile Include="Pawn.cpp">
      <Filter>Source Files\GameEngine\Particle</Filter>
    </ClCompile>
    <ClCompile Include="Pawn.cpp">
      <Filter>Source Files\GameEngine\Object</Filter>
    </ClCompile>
    <ClCompile Include="Animator.cpp">
      <Filter>Source Files\GameEngine\Components\Animation</Filter>
    </ClCompile>
    <ClCompile Include="AnimationState.cpp">
      <Filter>Source Files\GameEngine\Components\Animation</Filter>
    </ClCompile>
    <ClCompile Include="Reflection.cpp">
      <Filter>Source Files</Filter>
    </ClCompile>
    <ClCompile Include="Canvas.cpp">
      <Filter>Source Files\GameEngine\UI</Filter>
    </ClCompile>
    <ClCompile Include="UIImage.cpp">
      <Filter>Source Files\GameEngine\UI</Filter>
    </ClCompile>
    <ClCompile Include="UIText.cpp">
      <Filter>Source Files\GameEngine\UI</Filter>
    </ClCompile>
    <ClCompile Include="UIElement.cpp">
      <Filter>Source Files\GameEngine\UI</Filter>
    </ClCompile>
    <ClCompile Include="EventBus.cpp">
      <Filter>Source Files\GameEngine\Core\Event</Filter>
    </ClCompile>
    <ClCompile Include="IEventListener.cpp">
      <Filter>Source Files\GameEngine\Core\Event</Filter>
    </ClCompile>
    <ClCompile Include="InputEventDispatcher.cpp">
      <Filter>Source Files\GameEngine\Core\Event\Dispatchers</Filter>
    </ClCompile>
    <ClCompile Include="BehaviorTree.cpp">
      <Filter>Source Files\GameEngine\AI\BehaviorTree</Filter>
    </ClCompile>
    <ClCompile Include="INode.cpp">
      <Filter>Source Files\GameEngine\AI\BehaviorTree\Nodes</Filter>
    </ClCompile>
    <ClCompile Include="MoveTo.cpp">
      <Filter>Source Files\GameEngine\AI\BehaviorTree\Nodes\Actions</Filter>
    </ClCompile>
    <ClCompile Include="Reflection.cpp">
      <Filter>Source Files\GameEngine\Core\Reflection</Filter>
    </ClCompile>
    <ClCompile Include="SampleEffect.cpp">
      <Filter>Source Files\GameEngine\Render\Effects</Filter>
    </ClCompile>
    <ClCompile Include="PrimitiveComponent.cpp">
      <Filter>Source Files\GameEngine\Components\Primitive</Filter>
    </ClCompile>
    <ClCompile Include="BitmapComponent.cpp">
      <Filter>Source Files\GameEngine\Components\Primitive\Bitmap</Filter>
    </ClCompile>
    <ClCompile Include="AnimationBitmapComponent.cpp">
      <Filter>Source Files\GameEngine\Components\Primitive\Bitmap\AnimationBitmap</Filter>
    </ClCompile>
    <ClCompile Include="ShapeComponent.cpp">
      <Filter>Source Files\GameEngine\Components\Primitive\Shape</Filter>
    </ClCompile>
    <ClCompile Include="CircleComponent.cpp">
      <Filter>Source Files\GameEngine\Components\Primitive\Shape</Filter>
    </ClCompile>
    <ClCompile Include="BoxComponent.cpp">
      <Filter>Source Files\GameEngine\Components\Primitive\Shape</Filter>
    </ClCompile>
    <ClCompile Include="PolygonComponent.cpp">
      <Filter>Source Files\GameEngine\Components\Primitive\Shape</Filter>
    </ClCompile>
  </ItemGroup>
  <ItemGroup>
    <None Include="디버그_사용법.md">
      <Filter>Source Files\GameEngine\Core\Debug</Filter>
    </None>
  </ItemGroup>
  <ItemGroup>
    <Text Include="placeholder.txt">
      <Filter>Source Files\GameEngine\ResourceManager</Filter>
    </Text>
    <Text Include="placeholder2.txt">
      <Filter>Source Files\GameEngine\Sound</Filter>
    </Text>
  </ItemGroup>
</Project>